
Microsoft Visual Studio Solution File, Format Version 12.00
# Visual Studio Version 16
VisualStudioVersion = 16.0.31019.35
MinimumVisualStudioVersion = 10.0.40219.1
Project("{FAE04EC0-301F-11D3-BF4B-00C04F79EFBC}") = "TestWPFApp", "TestWPFApp\TestWPFApp.csproj", "{73957DD3-0A25-42E5-9663-72DB956084BA}"
EndProject
Global
	GlobalSection(SolutionConfigurationPlatforms) = preSolution
		Debug|Any CPU = Debug|Any CPU
		Release|Any CPU = Release|Any CPU
	EndGlobalSection
	GlobalSection(ProjectConfigurationPlatforms) = postSolution
		{73957DD3-0A25-42E5-9663-72DB956084BA}.Debug|Any CPU.ActiveCfg = Debug|Any CPU
		{73957DD3-0A25-42E5-9663-72DB956084BA}.Debug|Any CPU.Build.0 = Debug|Any CPU
		{73957DD3-0A25-42E5-9663-72DB956084BA}.Release|Any CPU.ActiveCfg = Release|Any CPU
		{73957DD3-0A25-42E5-9663-72DB956084BA}.Release|Any CPU.Build.0 = Release|Any CPU
	EndGlobalSection
	GlobalSection(SolutionProperties) = preSolution
		HideSolutionNode = FALSE
	EndGlobalSection
	GlobalSection(ExtensibilityGlobals) = postSolution
		SolutionGuid = {7AEE1119-A320-4697-9D03-DA881CDDC48F}
	EndGlobalSection
EndGlobal
